// !$*UTF8*$!
{
	archiveVersion = 1;
	classes = {
	};
	objectVersion = 48;
	objects = {

/* Begin PBXBuildFile section */
		DB3CFB8220B06D5600298208 /* SettingsVC.swift in Sources */ = {isa = PBXBuildFile; fileRef = DB3CFB8120B06D5600298208 /* SettingsVC.swift */; };
		DB3CFB8520B0720100298208 /* ChangeIPVC.swift in Sources */ = {isa = PBXBuildFile; fileRef = DB3CFB8420B0720100298208 /* ChangeIPVC.swift */; };
		DB3CFB8820B07CBD00298208 /* PortaVC.swift in Sources */ = {isa = PBXBuildFile; fileRef = DB3CFB8720B07CBD00298208 /* PortaVC.swift */; };
		DB5BD60820A70405005F46DD /* Contants.swift in Sources */ = {isa = PBXBuildFile; fileRef = DB5BD60720A70405005F46DD /* Contants.swift */; };
		DB5BD60A20A75E17005F46DD /* ToxModel.swift in Sources */ = {isa = PBXBuildFile; fileRef = DB5BD60920A75E17005F46DD /* ToxModel.swift */; };
		DBB285A520C6FD9200BA1114 /* VideoCameraVC.swift in Sources */ = {isa = PBXBuildFile; fileRef = DBB285A420C6FD9200BA1114 /* VideoCameraVC.swift */; };
		DBB67AB420A0FE6A001FE6D8 /* AppDelegate.swift in Sources */ = {isa = PBXBuildFile; fileRef = DBB67AB320A0FE6A001FE6D8 /* AppDelegate.swift */; };
		DBB67AB620A0FE6A001FE6D8 /* HomeVC.swift in Sources */ = {isa = PBXBuildFile; fileRef = DBB67AB520A0FE6A001FE6D8 /* HomeVC.swift */; };
		DBB67ABB20A0FE6A001FE6D8 /* Assets.xcassets in Resources */ = {isa = PBXBuildFile; fileRef = DBB67ABA20A0FE6A001FE6D8 /* Assets.xcassets */; };
		DBB67ABE20A0FE6A001FE6D8 /* LaunchScreen.storyboard in Resources */ = {isa = PBXBuildFile; fileRef = DBB67ABC20A0FE6A001FE6D8 /* LaunchScreen.storyboard */; };
		DBB67AC920A0FF8A001FE6D8 /* HomeView.swift in Sources */ = {isa = PBXBuildFile; fileRef = DBB67AC820A0FF8A001FE6D8 /* HomeView.swift */; };
		DBD1F31020B0898B00FA46DD /* Extension.swift in Sources */ = {isa = PBXBuildFile; fileRef = DBD1F30F20B0898B00FA46DD /* Extension.swift */; };
		DBD1F31220B0ACB300FA46DD /* AllarmeVC.swift in Sources */ = {isa = PBXBuildFile; fileRef = DBD1F31120B0ACB300FA46DD /* AllarmeVC.swift */; };
		DBD1F31420B19E9A00FA46DD /* CondizionatoreVC.swift in Sources */ = {isa = PBXBuildFile; fileRef = DBD1F31320B19E9A00FA46DD /* CondizionatoreVC.swift */; };
/* End PBXBuildFile section */

/* Begin PBXFileReference section */
		DB3CFB8120B06D5600298208 /* SettingsVC.swift */ = {isa = PBXFileReference; lastKnownFileType = sourcecode.swift; path = SettingsVC.swift; sourceTree = "<group>"; };
		DB3CFB8420B0720100298208 /* ChangeIPVC.swift */ = {isa = PBXFileReference; lastKnownFileType = sourcecode.swift; path = ChangeIPVC.swift; sourceTree = "<group>"; };
		DB3CFB8720B07CBD00298208 /* PortaVC.swift */ = {isa = PBXFileReference; lastKnownFileType = sourcecode.swift; path = PortaVC.swift; sourceTree = "<group>"; };
		DB5BD60720A70405005F46DD /* Contants.swift */ = {isa = PBXFileReference; lastKnownFileType = sourcecode.swift; path = Contants.swift; sourceTree = "<group>"; };
		DB5BD60920A75E17005F46DD /* ToxModel.swift */ = {isa = PBXFileReference; lastKnownFileType = sourcecode.swift; path = ToxModel.swift; sourceTree = "<group>"; };
		DBB285A420C6FD9200BA1114 /* VideoCameraVC.swift */ = {isa = PBXFileReference; lastKnownFileType = sourcecode.swift; path = VideoCameraVC.swift; sourceTree = "<group>"; };
		DBB67AB020A0FE6A001FE6D8 /* Tox Home.app */ = {isa = PBXFileReference; explicitFileType = wrapper.application; includeInIndex = 0; path = "Tox Home.app"; sourceTree = BUILT_PRODUCTS_DIR; };
		DBB67AB320A0FE6A001FE6D8 /* AppDelegate.swift */ = {isa = PBXFileReference; lastKnownFileType = sourcecode.swift; path = AppDelegate.swift; sourceTree = "<group>"; };
		DBB67AB520A0FE6A001FE6D8 /* HomeVC.swift */ = {isa = PBXFileReference; lastKnownFileType = sourcecode.swift; path = HomeVC.swift; sourceTree = "<group>"; };
		DBB67ABA20A0FE6A001FE6D8 /* Assets.xcassets */ = {isa = PBXFileReference; lastKnownFileType = folder.assetcatalog; path = Assets.xcassets; sourceTree = "<group>"; };
		DBB67ABD20A0FE6A001FE6D8 /* Base */ = {isa = PBXFileReference; lastKnownFileType = file.storyboard; name = Base; path = Base.lproj/LaunchScreen.storyboard; sourceTree = "<group>"; };
		DBB67ABF20A0FE6A001FE6D8 /* Info.plist */ = {isa = PBXFileReference; lastKnownFileType = text.plist.xml; path = Info.plist; sourceTree = "<group>"; };
		DBB67AC820A0FF8A001FE6D8 /* HomeView.swift */ = {isa = PBXFileReference; lastKnownFileType = sourcecode.swift; path = HomeView.swift; sourceTree = "<group>"; };
		DBD1F30F20B0898B00FA46DD /* Extension.swift */ = {isa = PBXFileReference; lastKnownFileType = sourcecode.swift; path = Extension.swift; sourceTree = "<group>"; };
		DBD1F31120B0ACB300FA46DD /* AllarmeVC.swift */ = {isa = PBXFileReference; lastKnownFileType = sourcecode.swift; path = AllarmeVC.swift; sourceTree = "<group>"; };
		DBD1F31320B19E9A00FA46DD /* CondizionatoreVC.swift */ = {isa = PBXFileReference; lastKnownFileType = sourcecode.swift; path = CondizionatoreVC.swift; sourceTree = "<group>"; };
/* End PBXFileReference section */

/* Begin PBXFrameworksBuildPhase section */
		DBB67AAD20A0FE6A001FE6D8 /* Frameworks */ = {
			isa = PBXFrameworksBuildPhase;
			buildActionMask = 2147483647;
			files = (
			);
			runOnlyForDeploymentPostprocessing = 0;
		};
/* End PBXFrameworksBuildPhase section */

/* Begin PBXGroup section */
		DB3CFB8320B071DE00298208 /* Settings */ = {
			isa = PBXGroup;
			children = (
				DB3CFB8120B06D5600298208 /* SettingsVC.swift */,
				DB3CFB8420B0720100298208 /* ChangeIPVC.swift */,
			);
			path = Settings;
			sourceTree = "<group>";
		};
		DB3CFB8620B07CA800298208 /* Apparecchiature */ = {
			isa = PBXGroup;
			children = (
				DB3CFB8720B07CBD00298208 /* PortaVC.swift */,
				DBD1F31120B0ACB300FA46DD /* AllarmeVC.swift */,
				DBD1F31320B19E9A00FA46DD /* CondizionatoreVC.swift */,
				DBB285A420C6FD9200BA1114 /* VideoCameraVC.swift */,
			);
			path = Apparecchiature;
			sourceTree = "<group>";
		};
		DBB67AA720A0FE6A001FE6D8 = {
			isa = PBXGroup;
			children = (
				DBB67AB220A0FE6A001FE6D8 /* Tox Home */,
				DBB67AB120A0FE6A001FE6D8 /* Products */,
			);
			sourceTree = "<group>";
		};
		DBB67AB120A0FE6A001FE6D8 /* Products */ = {
			isa = PBXGroup;
			children = (
				DBB67AB020A0FE6A001FE6D8 /* Tox Home.app */,
			);
			name = Products;
			sourceTree = "<group>";
		};
		DBB67AB220A0FE6A001FE6D8 /* Tox Home */ = {
			isa = PBXGroup;
			children = (
				DBB67AC720A0FF5A001FE6D8 /* Model */,
				DBB67AC620A0FF54001FE6D8 /* Views */,
				DBB67AC520A0FF48001FE6D8 /* ViewConttrollers */,
				DBB67AB320A0FE6A001FE6D8 /* AppDelegate.swift */,
				DBB67ABA20A0FE6A001FE6D8 /* Assets.xcassets */,
				DBB67ABC20A0FE6A001FE6D8 /* LaunchScreen.storyboard */,
				DBB67ABF20A0FE6A001FE6D8 /* Info.plist */,
			);
			path = "Tox Home";
			sourceTree = "<group>";
		};
		DBB67AC520A0FF48001FE6D8 /* ViewConttrollers */ = {
			isa = PBXGroup;
			children = (
				DB3CFB8620B07CA800298208 /* Apparecchiature */,
				DB3CFB8320B071DE00298208 /* Settings */,
				DBB67AB520A0FE6A001FE6D8 /* HomeVC.swift */,
			);
			path = ViewConttrollers;
			sourceTree = "<group>";
		};
		DBB67AC620A0FF54001FE6D8 /* Views */ = {
			isa = PBXGroup;
			children = (
				DBB67AC820A0FF8A001FE6D8 /* HomeView.swift */,
			);
			path = Views;
			sourceTree = "<group>";
		};
		DBB67AC720A0FF5A001FE6D8 /* Model */ = {
			isa = PBXGroup;
			children = (
				DB5BD60720A70405005F46DD /* Contants.swift */,
				DB5BD60920A75E17005F46DD /* ToxModel.swift */,
				DBD1F30F20B0898B00FA46DD /* Extension.swift */,
			);
			path = Model;
			sourceTree = "<group>";
		};
/* End PBXGroup section */

/* Begin PBXNativeTarget section */
		DBB67AAF20A0FE6A001FE6D8 /* Tox Home */ = {
			isa = PBXNativeTarget;
			buildConfigurationList = DBB67AC220A0FE6A001FE6D8 /* Build configuration list for PBXNativeTarget "Tox Home" */;
			buildPhases = (
				DBB67AAC20A0FE6A001FE6D8 /* Sources */,
				DBB67AAD20A0FE6A001FE6D8 /* Frameworks */,
				DBB67AAE20A0FE6A001FE6D8 /* Resources */,
			);
			buildRules = (
			);
			dependencies = (
			);
			name = "Tox Home";
			productName = "Tox Home";
			productReference = DBB67AB020A0FE6A001FE6D8 /* Tox Home.app */;
			productType = "com.apple.product-type.application";
		};
/* End PBXNativeTarget section */

/* Begin PBXProject section */
		DBB67AA820A0FE6A001FE6D8 /* Project object */ = {
			isa = PBXProject;
			attributes = {
				LastSwiftUpdateCheck = 0920;
				LastUpgradeCheck = 0940;
				ORGANIZATIONNAME = "Dani Tox";
				TargetAttributes = {
					DBB67AAF20A0FE6A001FE6D8 = {
						CreatedOnToolsVersion = 9.2;
						ProvisioningStyle = Automatic;
					};
				};
			};
			buildConfigurationList = DBB67AAB20A0FE6A001FE6D8 /* Build configuration list for PBXProject "Tox Home" */;
			compatibilityVersion = "Xcode 8.0";
			developmentRegion = en;
			hasScannedForEncodings = 0;
			knownRegions = (
				en,
				Base,
			);
			mainGroup = DBB67AA720A0FE6A001FE6D8;
			productRefGroup = DBB67AB120A0FE6A001FE6D8 /* Products */;
			projectDirPath = "";
			projectRoot = "";
			targets = (
				DBB67AAF20A0FE6A001FE6D8 /* Tox Home */,
			);
		};
/* End PBXProject section */

/* Begin PBXResourcesBuildPhase section */
		DBB67AAE20A0FE6A001FE6D8 /* Resources */ = {
			isa = PBXResourcesBuildPhase;
			buildActionMask = 2147483647;
			files = (
				DBB67ABE20A0FE6A001FE6D8 /* LaunchScreen.storyboard in Resources */,
				DBB67ABB20A0FE6A001FE6D8 /* Assets.xcassets in Resources */,
			);
			runOnlyForDeploymentPostprocessing = 0;
		};
/* End PBXResourcesBuildPhase section */

/* Begin PBXSourcesBuildPhase section */
		DBB67AAC20A0FE6A001FE6D8 /* Sources */ = {
			isa = PBXSourcesBuildPhase;
			buildActionMask = 2147483647;
			files = (
				DBD1F31020B0898B00FA46DD /* Extension.swift in Sources */,
				DBB67AC920A0FF8A001FE6D8 /* HomeView.swift in Sources */,
				DBD1F31420B19E9A00FA46DD /* CondizionatoreVC.swift in Sources */,
				DB5BD60A20A75E17005F46DD /* ToxModel.swift in Sources */,
				DBB67AB620A0FE6A001FE6D8 /* HomeVC.swift in Sources */,
				DBB67AB420A0FE6A001FE6D8 /* AppDelegate.swift in Sources */,
				DB5BD60820A70405005F46DD /* Contants.swift in Sources */,
				DB3CFB8220B06D5600298208 /* SettingsVC.swift in Sources */,
				DB3CFB8520B0720100298208 /* ChangeIPVC.swift in Sources */,
				DB3CFB8820B07CBD00298208 /* PortaVC.swift in Sources */,
				DBD1F31220B0ACB300FA46DD /* AllarmeVC.swift in Sources */,
				DBB285A520C6FD9200BA1114 /* VideoCameraVC.swift in Sources */,
			);
			runOnlyForDeploymentPostprocessing = 0;
		};
/* End PBXSourcesBuildPhase section */

/* Begin PBXVariantGroup section */
		DBB67ABC20A0FE6A001FE6D8 /* LaunchScreen.storyboard */ = {
			isa = PBXVariantGroup;
			children = (
				DBB67ABD20A0FE6A001FE6D8 /* Base */,
			);
			name = LaunchScreen.storyboard;
			sourceTree = "<group>";
		};
/* End PBXVariantGroup section */

/* Begin XCBuildConfiguration section */
		DBB67AC020A0FE6A001FE6D8 /* Debug */ = {
			isa = XCBuildConfiguration;
			buildSettings = {
				ALWAYS_SEARCH_USER_PATHS = NO;
				CLANG_ANALYZER_NONNULL = YES;
				CLANG_ANALYZER_NUMBER_OBJECT_CONVERSION = YES_AGGRESSIVE;
				CLANG_CXX_LANGUAGE_STANDARD = "gnu++14";
				CLANG_CXX_LIBRARY = "libc++";
				CLANG_ENABLE_MODULES = YES;
				CLANG_ENABLE_OBJC_ARC = YES;
				CLANG_WARN_BLOCK_CAPTURE_AUTORELEASING = YES;
				CLANG_WARN_BOOL_CONVERSION = YES;
				CLANG_WARN_COMMA = YES;
				CLANG_WARN_CONSTANT_CONVERSION = YES;
				CLANG_WARN_DEPRECATED_OBJC_IMPLEMENTATIONS = YES;
				CLANG_WARN_DIRECT_OBJC_ISA_USAGE = YES_ERROR;
				CLANG_WARN_DOCUMENTATION_COMMENTS = YES;
				CLANG_WARN_EMPTY_BODY = YES;
				CLANG_WARN_ENUM_CONVERSION = YES;
				CLANG_WARN_INFINITE_RECURSION = YES;
				CLANG_WARN_INT_CONVERSION = YES;
				CLANG_WARN_NON_LITERAL_NULL_CONVERSION = YES;
				CLANG_WARN_OBJC_IMPLICIT_RETAIN_SELF = YES;
				CLANG_WARN_OBJC_LITERAL_CONVERSION = YES;
				CLANG_WARN_OBJC_ROOT_CLASS = YES_ERROR;
				CLANG_WARN_RANGE_LOOP_ANALYSIS = YES;
				CLANG_WARN_STRICT_PROTOTYPES = YES;
				CLANG_WARN_SUSPICIOUS_MOVE = YES;
				CLANG_WARN_UNGUARDED_AVAILABILITY = YES_AGGRESSIVE;
				CLANG_WARN_UNREACHABLE_CODE = YES;
				CLANG_WARN__DUPLICATE_METHOD_MATCH = YES;
				CODE_SIGN_IDENTITY = "iPhone Developer";
				COPY_PHASE_STRIP = NO;
				DEBUG_INFORMATION_FORMAT = dwarf;
				ENABLE_STRICT_OBJC_MSGSEND = YES;
				ENABLE_TESTABILITY = YES;
				GCC_C_LANGUAGE_STANDARD = gnu11;
				GCC_DYNAMIC_NO_PIC = NO;
				GCC_NO_COMMON_BLOCKS = YES;
				GCC_OPTIMIZATION_LEVEL = 0;
				GCC_PREPROCESSOR_DEFINITIONS = (
					"DEBUG=1",
					"$(inherited)",
				);
				GCC_WARN_64_TO_32_BIT_CONVERSION = YES;
				GCC_WARN_ABOUT_RETURN_TYPE = YES_ERROR;
				GCC_WARN_UNDECLARED_SELECTOR = YES;
				GCC_WARN_UNINITIALIZED_AUTOS = YES_AGGRESSIVE;
				GCC_WARN_UNUSED_FUNCTION = YES;
				GCC_WARN_UNUSED_VARIABLE = YES;
				IPHONEOS_DEPLOYMENT_TARGET = 11.2;
				MTL_ENABLE_DEBUG_INFO = YES;
				ONLY_ACTIVE_ARCH = YES;
				SDKROOT = iphoneos;
				SWIFT_ACTIVE_COMPILATION_CONDITIONS = DEBUG;
				SWIFT_OPTIMIZATION_LEVEL = "-Onone";
			};
			name = Debug;
		};
		DBB67AC120A0FE6A001FE6D8 /* Release */ = {
			isa = XCBuildConfiguration;
			buildSettings = {
				ALWAYS_SEARCH_USER_PATHS = NO;
				CLANG_ANALYZER_NONNULL = YES;
				CLANG_ANALYZER_NUMBER_OBJECT_CONVERSION = YES_AGGRESSIVE;
				CLANG_CXX_LANGUAGE_STANDARD = "gnu++14";
				CLANG_CXX_LIBRARY = "libc++";
				CLANG_ENABLE_MODULES = YES;
				CLANG_ENABLE_OBJC_ARC = YES;
				CLANG_WARN_BLOCK_CAPTURE_AUTORELEASING = YES;
				CLANG_WARN_BOOL_CONVERSION = YES;
				CLANG_WARN_COMMA = YES;
				CLANG_WARN_CONSTANT_CONVERSION = YES;
				CLANG_WARN_DEPRECATED_OBJC_IMPLEMENTATIONS = YES;
				CLANG_WARN_DIRECT_OBJC_ISA_USAGE = YES_ERROR;
				CLANG_WARN_DOCUMENTATION_COMMENTS = YES;
				CLANG_WARN_EMPTY_BODY = YES;
				CLANG_WARN_ENUM_CONVERSION = YES;
				CLANG_WARN_INFINITE_RECURSION = YES;
				CLANG_WARN_INT_CONVERSION = YES;
				CLANG_WARN_NON_LITERAL_NULL_CONVERSION = YES;
				CLANG_WARN_OBJC_IMPLICIT_RETAIN_SELF = YES;
				CLANG_WARN_OBJC_LITERAL_CONVERSION = YES;
				CLANG_WARN_OBJC_ROOT_CLASS = YES_ERROR;
				CLANG_WARN_RANGE_LOOP_ANALYSIS = YES;
				CLANG_WARN_STRICT_PROTOTYPES = YES;
				CLANG_WARN_SUSPICIOUS_MOVE = YES;
				CLANG_WARN_UNGUARDED_AVAILABILITY = YES_AGGRESSIVE;
				CLANG_WARN_UNREACHABLE_CODE = YES;
				CLANG_WARN__DUPLICATE_METHOD_MATCH = YES;
				CODE_SIGN_IDENTITY = "iPhone Developer";
				COPY_PHASE_STRIP = NO;
				DEBUG_INFORMATION_FORMAT = "dwarf-with-dsym";
				ENABLE_NS_ASSERTIONS = NO;
				ENABLE_STRICT_OBJC_MSGSEND = YES;
				GCC_C_LANGUAGE_STANDARD = gnu11;
				GCC_NO_COMMON_BLOCKS = YES;
				GCC_WARN_64_TO_32_BIT_CONVERSION = YES;
				GCC_WARN_ABOUT_RETURN_TYPE = YES_ERROR;
				GCC_WARN_UNDECLARED_SELECTOR = YES;
				GCC_WARN_UNINITIALIZED_AUTOS = YES_AGGRESSIVE;
				GCC_WARN_UNUSED_FUNCTION = YES;
				GCC_WARN_UNUSED_VARIABLE = YES;
				IPHONEOS_DEPLOYMENT_TARGET = 11.2;
				MTL_ENABLE_DEBUG_INFO = NO;
				SDKROOT = iphoneos;
				SWIFT_OPTIMIZATION_LEVEL = "-Owholemodule";
				VALIDATE_PRODUCT = YES;
			};
			name = Release;
		};
		DBB67AC320A0FE6A001FE6D8 /* Debug */ = {
			isa = XCBuildConfiguration;
			buildSettings = {
				ASSETCATALOG_COMPILER_APPICON_NAME = AppIcon;
				CODE_SIGN_STYLE = Automatic;
				DEVELOPMENT_TEAM = Q5WYV8U42F;
				INFOPLIST_FILE = "Tox Home/Info.plist";
				IPHONEOS_DEPLOYMENT_TARGET = 11.1;
				LD_RUNPATH_SEARCH_PATHS = "$(inherited) @executable_path/Frameworks";
				PRODUCT_BUNDLE_IDENTIFIER = "com.danitox.Tox-Home";
				PRODUCT_NAME = "$(TARGET_NAME)";
				SWIFT_VERSION = 4.0;
				TARGETED_DEVICE_FAMILY = "1,2";
			};
			name = Debug;
		};
		DBB67AC420A0FE6A001FE6D8 /* Release */ = {
			isa = XCBuildConfiguration;
			buildSettings = {
				ASSETCATALOG_COMPILER_APPICON_NAME = AppIcon;
				CODE_SIGN_STYLE = Automatic;
				DEVELOPMENT_TEAM = Q5WYV8U42F;
				INFOPLIST_FILE = "Tox Home/Info.plist";
				IPHONEOS_DEPLOYMENT_TARGET = 11.1;
				LD_RUNPATH_SEARCH_PATHS = "$(inherited) @executable_path/Frameworks";
				PRODUCT_BUNDLE_IDENTIFIER = "com.danitox.Tox-Home";
				PRODUCT_NAME = "$(TARGET_NAME)";
				SWIFT_VERSION = 4.0;
				TARGETED_DEVICE_FAMILY = "1,2";
			};
			name = Release;
		};
/* End XCBuildConfiguration section */

/* Begin XCConfigurationList section */
		DBB67AAB20A0FE6A001FE6D8 /* Build configuration list for PBXProject "Tox Home" */ = {
			isa = XCConfigurationList;
			buildConfigurations = (
				DBB67AC020A0FE6A001FE6D8 /* Debug */,
				DBB67AC120A0FE6A001FE6D8 /* Release */,
			);
			defaultConfigurationIsVisible = 0;
			defaultConfigurationName = Release;
		};
		DBB67AC220A0FE6A001FE6D8 /* Build configuration list for PBXNativeTarget "Tox Home" */ = {
			isa = XCConfigurationList;
			buildConfigurations = (
				DBB67AC320A0FE6A001FE6D8 /* Debug */,
				DBB67AC420A0FE6A001FE6D8 /* Release */,
			);
			defaultConfigurationIsVisible = 0;
			defaultConfigurationName = Release;
		};
/* End XCConfigurationList section */
	};
	rootObject = DBB67AA820A0FE6A001FE6D8 /* Project object */;
}
