// !$*UTF8*$!
{
	archiveVersion = 1;
	classes = {
	};
	objectVersion = 48;
	objects = {

/* Begin PBXBuildFile section */
		DBB67AB420A0FE6A001FE6D8 /* AppDelegate.swift in Sources */ = {isa = PBXBuildFile; fileRef = DBB67AB320A0FE6A001FE6D8 /* AppDelegate.swift */; };
		DBB67AB620A0FE6A001FE6D8 /* ViewController.swift in Sources */ = {isa = PBXBuildFile; fileRef = DBB67AB520A0FE6A001FE6D8 /* ViewController.swift */; };
		DBB67AB920A0FE6A001FE6D8 /* Main.storyboard in Resources */ = {isa = PBXBuildFile; fileRef = DBB67AB720A0FE6A001FE6D8 /* Main.storyboard */; };
		DBB67ABB20A0FE6A001FE6D8 /* Assets.xcassets in Resources */ = {isa = PBXBuildFile; fileRef = DBB67ABA20A0FE6A001FE6D8 /* Assets.xcassets */; };
		DBB67ABE20A0FE6A001FE6D8 /* LaunchScreen.storyboard in Resources */ = {isa = PBXBuildFile; fileRef = DBB67ABC20A0FE6A001FE6D8 /* LaunchScreen.storyboard */; };
/* End PBXBuildFile section */

/* Begin PBXFileReference section */
		DBB67AB020A0FE6A001FE6D8 /* Tox Home.app */ = {isa = PBXFileReference; explicitFileType = wrapper.application; includeInIndex = 0; path = "Tox Home.app"; sourceTree = BUILT_PRODUCTS_DIR; };
		DBB67AB320A0FE6A001FE6D8 /* AppDelegate.swift */ = {isa = PBXFileReference; lastKnownFileType = sourcecode.swift; path = AppDelegate.swift; sourceTree = "<group>"; };
		DBB67AB520A0FE6A001FE6D8 /* ViewController.swift */ = {isa = PBXFileReference; lastKnownFileType = sourcecode.swift; path = ViewController.swift; sourceTree = "<group>"; };
		DBB67AB820A0FE6A001FE6D8 /* Base */ = {isa = PBXFileReference; lastKnownFileType = file.storyboard; name = Base; path = Base.lproj/Main.storyboard; sourceTree = "<group>"; };
		DBB67ABA20A0FE6A001FE6D8 /* Assets.xcassets */ = {isa = PBXFileReference; lastKnownFileType = folder.assetcatalog; path = Assets.xcassets; sourceTree = "<group>"; };
		DBB67ABD20A0FE6A001FE6D8 /* Base */ = {isa = PBXFileReference; lastKnownFileType = file.storyboard; name = Base; path = Base.lproj/LaunchScreen.storyboard; sourceTree = "<group>"; };
		DBB67ABF20A0FE6A001FE6D8 /* Info.plist */ = {isa = PBXFileReference; lastKnownFileType = text.plist.xml; path = Info.plist; sourceTree = "<group>"; };
/* End PBXFileReference section */

/* Begin PBXFrameworksBuildPhase section */
		DBB67AAD20A0FE6A001FE6D8 /* Frameworks */ = {
			isa = PBXFrameworksBuildPhase;
			buildActionMask = 2147483647;
			files = (
			);
			runOnlyForDeploymentPostprocessing = 0;
		};
/* End PBXFrameworksBuildPhase section */

/* Begin PBXGroup section */
		DBB67AA720A0FE6A001FE6D8 = {
			isa = PBXGroup;
			children = (
				DBB67AB220A0FE6A001FE6D8 /* Tox Home */,
				DBB67AB120A0FE6A001FE6D8 /* Products */,
			);
			sourceTree = "<group>";
		};
		DBB67AB120A0FE6A001FE6D8 /* Products */ = {
			isa = PBXGroup;
			children = (
				DBB67AB020A0FE6A001FE6D8 /* Tox Home.app */,
			);
			name = Products;
			sourceTree = "<group>";
		};
		DBB67AB220A0FE6A001FE6D8 /* Tox Home */ = {
			isa = PBXGroup;
			children = (
				DBB67AB320A0FE6A001FE6D8 /* AppDelegate.swift */,
				DBB67AB520A0FE6A001FE6D8 /* ViewController.swift */,
				DBB67AB720A0FE6A001FE6D8 /* Main.storyboard */,
				DBB67ABA20A0FE6A001FE6D8 /* Assets.xcassets */,
				DBB67ABC20A0FE6A001FE6D8 /* LaunchScreen.storyboard */,
				DBB67ABF20A0FE6A001FE6D8 /* Info.plist */,
			);
			path = "Tox Home";
			sourceTree = "<group>";
		};
/* End PBXGroup section */

/* Begin PBXNativeTarget section */
		DBB67AAF20A0FE6A001FE6D8 /* Tox Home */ = {
			isa = PBXNativeTarget;
			buildConfigurationList = DBB67AC220A0FE6A001FE6D8 /* Build configuration list for PBXNativeTarget "Tox Home" */;
			buildPhases = (
				DBB67AAC20A0FE6A001FE6D8 /* Sources */,
				DBB67AAD20A0FE6A001FE6D8 /* Frameworks */,
				DBB67AAE20A0FE6A001FE6D8 /* Resources */,
			);
			buildRules = (
			);
			dependencies = (
			);
			name = "Tox Home";
			productName = "Tox Home";
			productReference = DBB67AB020A0FE6A001FE6D8 /* Tox Home.app */;
			productType = "com.apple.product-type.application";
		};
/* End PBXNativeTarget section */

/* Begin PBXProject section */
		DBB67AA820A0FE6A001FE6D8 /* Project object */ = {
			isa = PBXProject;
			attributes = {
				LastSwiftUpdateCheck = 0920;
				LastUpgradeCheck = 0920;
				ORGANIZATIONNAME = "Dani Tox";
				TargetAttributes = {
					DBB67AAF20A0FE6A001FE6D8 = {
						CreatedOnToolsVersion = 9.2;
						ProvisioningStyle = Automatic;
					};
				};
			};
			buildConfigurationList = DBB67AAB20A0FE6A001FE6D8 /* Build configuration list for PBXProject "Tox Home" */;
			compatibilityVersion = "Xcode 8.0";
			developmentRegion = en;
			hasScannedForEncodings = 0;
			knownRegions = (
				en,
				Base,
			);
			mainGroup = DBB67AA720A0FE6A001FE6D8;
			productRefGroup = DBB67AB120A0FE6A001FE6D8 /* Products */;
			projectDirPath = "";
			projectRoot = "";
			targets = (
				DBB67AAF20A0FE6A001FE6D8 /* Tox Home */,
			);
		};
/* End PBXProject section */

/* Begin PBXResourcesBuildPhase section */
		DBB67AAE20A0FE6A001FE6D8 /* Resources */ = {
			isa = PBXResourcesBuildPhase;
			buildActionMask = 2147483647;
			files = (
				DBB67ABE20A0FE6A001FE6D8 /* LaunchScreen.storyboard in Resources */,
				DBB67ABB20A0FE6A001FE6D8 /* Assets.xcassets in Resources */,
				DBB67AB920A0FE6A001FE6D8 /* Main.storyboard in Resources */,
			);
			runOnlyForDeploymentPostprocessing = 0;
		};
/* End PBXResourcesBuildPhase section */

/* Begin PBXSourcesBuildPhase section */
		DBB67AAC20A0FE6A001FE6D8 /* Sources */ = {
			isa = PBXSourcesBuildPhase;
			buildActionMask = 2147483647;
			files = (
				DBB67AB620A0FE6A001FE6D8 /* ViewController.swift in Sources */,
				DBB67AB420A0FE6A001FE6D8 /* AppDelegate.swift in Sources */,
			);
			runOnlyForDeploymentPostprocessing = 0;
		};
/* End PBXSourcesBuildPhase section */

/* Begin PBXVariantGroup section */
		DBB67AB720A0FE6A001FE6D8 /* Main.storyboard */ = {
			isa = PBXVariantGroup;
			children = (
				DBB67AB820A0FE6A001FE6D8 /* Base */,
			);
			name = Main.storyboard;
			sourceTree = "<group>";
		};
		DBB67ABC20A0FE6A001FE6D8 /* LaunchScreen.storyboard */ = {
			isa = PBXVariantGroup;
			children = (
				DBB67ABD20A0FE6A001FE6D8 /* Base */,
			);
			name = LaunchScreen.storyboard;
			sourceTree = "<group>";
		};
/* End PBXVariantGroup section */

/* Begin XCBuildConfiguration section */
		DBB67AC020A0FE6A001FE6D8 /* Debug */ = {
			isa = XCBuildConfiguration;
			buildSettings = {
				ALWAYS_SEARCH_USER_PATHS = NO;
				CLANG_ANALYZER_NONNULL = YES;
				CLANG_ANALYZER_NUMBER_OBJECT_CONVERSION = YES_AGGRESSIVE;
				CLANG_CXX_LANGUAGE_STANDARD = "gnu++14";
				CLANG_CXX_LIBRARY = "libc++";
				CLANG_ENABLE_MODULES = YES;
				CLANG_ENABLE_OBJC_ARC = YES;
				CLANG_WARN_BLOCK_CAPTURE_AUTORELEASING = YES;
				CLANG_WARN_BOOL_CONVERSION = YES;
				CLANG_WARN_COMMA = YES;
				CLANG_WARN_CONSTANT_CONVERSION = YES;
				CLANG_WARN_DIRECT_OBJC_ISA_USAGE = YES_ERROR;
				CLANG_WARN_DOCUMENTATION_COMMENTS = YES;
				CLANG_WARN_EMPTY_BODY = YES;
				CLANG_WARN_ENUM_CONVERSION = YES;
				CLANG_WARN_INFINITE_RECURSION = YES;
				CLANG_WARN_INT_CONVERSION = YES;
				CLANG_WARN_NON_LITERAL_NULL_CONVERSION = YES;
				CLANG_WARN_OBJC_LITERAL_CONVERSION = YES;
				CLANG_WARN_OBJC_ROOT_CLASS = YES_ERROR;
				CLANG_WARN_RANGE_LOOP_ANALYSIS = YES;
				CLANG_WARN_STRICT_PROTOTYPES = YES;
				CLANG_WARN_SUSPICIOUS_MOVE = YES;
				CLANG_WARN_UNGUARDED_AVAILABILITY = YES_AGGRESSIVE;
				CLANG_WARN_UNREACHABLE_CODE = YES;
				CLANG_WARN__DUPLICATE_METHOD_MATCH = YES;
				CODE_SIGN_IDENTITY = "iPhone Developer";
				COPY_PHASE_STRIP = NO;
				DEBUG_INFORMATION_FORMAT = dwarf;
				ENABLE_STRICT_OBJC_MSGSEND = YES;
				ENABLE_TESTABILITY = YES;
				GCC_C_LANGUAGE_STANDARD = gnu11;
				GCC_DYNAMIC_NO_PIC = NO;
				GCC_NO_COMMON_BLOCKS = YES;
				GCC_OPTIMIZATION_LEVEL = 0;
				GCC_PREPROCESSOR_DEFINITIONS = (
					"DEBUG=1",
					"$(inherited)",
				);
				GCC_WARN_64_TO_32_BIT_CONVERSION = YES;
				GCC_WARN_ABOUT_RETURN_TYPE = YES_ERROR;
				GCC_WARN_UNDECLARED_SELECTOR = YES;
				GCC_WARN_UNINITIALIZED_AUTOS = YES_AGGRESSIVE;
				GCC_WARN_UNUSED_FUNCTION = YES;
				GCC_WARN_UNUSED_VARIABLE = YES;
				IPHONEOS_DEPLOYMENT_TARGET = 11.2;
				MTL_ENABLE_DEBUG_INFO = YES;
				ONLY_ACTIVE_ARCH = YES;
				SDKROOT = iphoneos;
				SWIFT_ACTIVE_COMPILATION_CONDITIONS = DEBUG;
				SWIFT_OPTIMIZATION_LEVEL = "-Onone";
			};
			name = Debug;
		};
		DBB67AC120A0FE6A001FE6D8 /* Release */ = {
			isa = XCBuildConfiguration;
			buildSettings = {
				ALWAYS_SEARCH_USER_PATHS = NO;
				CLANG_ANALYZER_NONNULL = YES;
				CLANG_ANALYZER_NUMBER_OBJECT_CONVERSION = YES_AGGRESSIVE;
				CLANG_CXX_LANGUAGE_STANDARD = "gnu++14";
				CLANG_CXX_LIBRARY = "libc++";
				CLANG_ENABLE_MODULES = YES;
				CLANG_ENABLE_OBJC_ARC = YES;
				CLANG_WARN_BLOCK_CAPTURE_AUTORELEASING = YES;
				CLANG_WARN_BOOL_CONVERSION = YES;
				CLANG_WARN_COMMA = YES;
				CLANG_WARN_CONSTANT_CONVERSION = YES;
				CLANG_WARN_DIRECT_OBJC_ISA_USAGE = YES_ERROR;
				CLANG_WARN_DOCUMENTATION_COMMENTS = YES;
				CLANG_WARN_EMPTY_BODY = YES;
				CLANG_WARN_ENUM_CONVERSION = YES;
				CLANG_WARN_INFINITE_RECURSION = YES;
				CLANG_WARN_INT_CONVERSION = YES;
				CLANG_WARN_NON_LITERAL_NULL_CONVERSION = YES;
				CLANG_WARN_OBJC_LITERAL_CONVERSION = YES;
				CLANG_WARN_OBJC_ROOT_CLASS = YES_ERROR;
				CLANG_WARN_RANGE_LOOP_ANALYSIS = YES;
				CLANG_WARN_STRICT_PROTOTYPES = YES;
				CLANG_WARN_SUSPICIOUS_MOVE = YES;
				CLANG_WARN_UNGUARDED_AVAILABILITY = YES_AGGRESSIVE;
				CLANG_WARN_UNREACHABLE_CODE = YES;
				CLANG_WARN__DUPLICATE_METHOD_MATCH = YES;
				CODE_SIGN_IDENTITY = "iPhone Developer";
				COPY_PHASE_STRIP = NO;
				DEBUG_INFORMATION_FORMAT = "dwarf-with-dsym";
				ENABLE_NS_ASSERTIONS = NO;
				ENABLE_STRICT_OBJC_MSGSEND = YES;
				GCC_C_LANGUAGE_STANDARD = gnu11;
				GCC_NO_COMMON_BLOCKS = YES;
				GCC_WARN_64_TO_32_BIT_CONVERSION = YES;
				GCC_WARN_ABOUT_RETURN_TYPE = YES_ERROR;
				GCC_WARN_UNDECLARED_SELECTOR = YES;
				GCC_WARN_UNINITIALIZED_AUTOS = YES_AGGRESSIVE;
				GCC_WARN_UNUSED_FUNCTION = YES;
				GCC_WARN_UNUSED_VARIABLE = YES;
				IPHONEOS_DEPLOYMENT_TARGET = 11.2;
				MTL_ENABLE_DEBUG_INFO = NO;
				SDKROOT = iphoneos;
				SWIFT_OPTIMIZATION_LEVEL = "-Owholemodule";
				VALIDATE_PRODUCT = YES;
			};
			name = Release;
		};
		DBB67AC320A0FE6A001FE6D8 /* Debug */ = {
			isa = XCBuildConfiguration;
			buildSettings = {
				ASSETCATALOG_COMPILER_APPICON_NAME = AppIcon;
				CODE_SIGN_STYLE = Automatic;
				DEVELOPMENT_TEAM = Q5WYV8U42F;
				INFOPLIST_FILE = "Tox Home/Info.plist";
				LD_RUNPATH_SEARCH_PATHS = "$(inherited) @executable_path/Frameworks";
				PRODUCT_BUNDLE_IDENTIFIER = "com.danitox.Tox-Home";
				PRODUCT_NAME = "$(TARGET_NAME)";
				SWIFT_VERSION = 4.0;
				TARGETED_DEVICE_FAMILY = "1,2";
			};
			name = Debug;
		};
		DBB67AC420A0FE6A001FE6D8 /* Release */ = {
			isa = XCBuildConfiguration;
			buildSettings = {
				ASSETCATALOG_COMPILER_APPICON_NAME = AppIcon;
				CODE_SIGN_STYLE = Automatic;
				DEVELOPMENT_TEAM = Q5WYV8U42F;
				INFOPLIST_FILE = "Tox Home/Info.plist";
				LD_RUNPATH_SEARCH_PATHS = "$(inherited) @executable_path/Frameworks";
				PRODUCT_BUNDLE_IDENTIFIER = "com.danitox.Tox-Home";
				PRODUCT_NAME = "$(TARGET_NAME)";
				SWIFT_VERSION = 4.0;
				TARGETED_DEVICE_FAMILY = "1,2";
			};
			name = Release;
		};
/* End XCBuildConfiguration section */

/* Begin XCConfigurationList section */
		DBB67AAB20A0FE6A001FE6D8 /* Build configuration list for PBXProject "Tox Home" */ = {
			isa = XCConfigurationList;
			buildConfigurations = (
				DBB67AC020A0FE6A001FE6D8 /* Debug */,
				DBB67AC120A0FE6A001FE6D8 /* Release */,
			);
			defaultConfigurationIsVisible = 0;
			defaultConfigurationName = Release;
		};
		DBB67AC220A0FE6A001FE6D8 /* Build configuration list for PBXNativeTarget "Tox Home" */ = {
			isa = XCConfigurationList;
			buildConfigurations = (
				DBB67AC320A0FE6A001FE6D8 /* Debug */,
				DBB67AC420A0FE6A001FE6D8 /* Release */,
			);
			defaultConfigurationIsVisible = 0;
			defaultConfigurationName = Release;
		};
/* End XCConfigurationList section */
	};
	rootObject = DBB67AA820A0FE6A001FE6D8 /* Project object */;
}
